
Microsoft Visual Studio Solution File, Format Version 12.00
# Visual Studio Version 16
VisualStudioVersion = 16.0.29424.173
MinimumVisualStudioVersion = 10.0.40219.1
Project("{FAE04EC0-301F-11D3-BF4B-00C04F79EFBC}") = "Курсовая_Имитация_банкомата!", "Курсовая_Имитация_банкомата!.csproj", "{70484EA6-FAF2-49B8-8B68-5871EC3301B6}"
EndProject
Global
	GlobalSection(SolutionConfigurationPlatforms) = preSolution
		Debug|Any CPU = Debug|Any CPU
		Release|Any CPU = Release|Any CPU
	EndGlobalSection
	GlobalSection(ProjectConfigurationPlatforms) = postSolution
		{70484EA6-FAF2-49B8-8B68-5871EC3301B6}.Debug|Any CPU.ActiveCfg = Debug|Any CPU
		{70484EA6-FAF2-49B8-8B68-5871EC3301B6}.Debug|Any CPU.Build.0 = Debug|Any CPU
		{70484EA6-FAF2-49B8-8B68-5871EC3301B6}.Release|Any CPU.ActiveCfg = Release|Any CPU
		{70484EA6-FAF2-49B8-8B68-5871EC3301B6}.Release|Any CPU.Build.0 = Release|Any CPU
	EndGlobalSection
	GlobalSection(SolutionProperties) = preSolution
		HideSolutionNode = FALSE
	EndGlobalSection
	GlobalSection(ExtensibilityGlobals) = postSolution
		SolutionGuid = {B4D23D26-A686-4FE2-8445-2CDEAA08045E}
	EndGlobalSection
EndGlobal
